
Microsoft Visual Studio Solution File, Format Version 12.00
# Visual Studio Version 17
VisualStudioVersion = 17.11.35222.181
MinimumVisualStudioVersion = 10.0.40219.1
Project("{FAE04EC0-301F-11D3-BF4B-00C04F79EFBC}") = "Pratik-IdentityandDataProtection", "Pratik-IdentityandDataProtection\Pratik-IdentityandDataProtection.csproj", "{4C32EA8C-AC5D-4191-93C7-17301D06F196}"
EndProject
Global
	GlobalSection(SolutionConfigurationPlatforms) = preSolution
		Debug|Any CPU = Debug|Any CPU
		Release|Any CPU = Release|Any CPU
	EndGlobalSection
	GlobalSection(ProjectConfigurationPlatforms) = postSolution
		{4C32EA8C-AC5D-4191-93C7-17301D06F196}.Debug|Any CPU.ActiveCfg = Debug|Any CPU
		{4C32EA8C-AC5D-4191-93C7-17301D06F196}.Debug|Any CPU.Build.0 = Debug|Any CPU
		{4C32EA8C-AC5D-4191-93C7-17301D06F196}.Release|Any CPU.ActiveCfg = Release|Any CPU
		{4C32EA8C-AC5D-4191-93C7-17301D06F196}.Release|Any CPU.Build.0 = Release|Any CPU
	EndGlobalSection
	GlobalSection(SolutionProperties) = preSolution
		HideSolutionNode = FALSE
	EndGlobalSection
	GlobalSection(ExtensibilityGlobals) = postSolution
		SolutionGuid = {0DB879EF-32AD-4BD4-99E0-A1289F99B3E8}
	EndGlobalSection
EndGlobal
